
Microsoft Visual Studio Solution File, Format Version 11.00
# Visual Studio 2010
Project("{8BC9CEB8-8B4A-11D0-8D11-00A0C91BC942}") = "Tuto_Fichier", "Tuto_Fichier\Tuto_Fichier.vcxproj", "{EA3CF742-F9B6-4CC6-810A-B3D06A627E6C}"
EndProject
Global
	GlobalSection(SolutionConfigurationPlatforms) = preSolution
		Debug|Win32 = Debug|Win32
		Release|Win32 = Release|Win32
	EndGlobalSection
	GlobalSection(ProjectConfigurationPlatforms) = postSolution
		{EA3CF742-F9B6-4CC6-810A-B3D06A627E6C}.Debug|Win32.ActiveCfg = Debug|Win32
		{EA3CF742-F9B6-4CC6-810A-B3D06A627E6C}.Debug|Win32.Build.0 = Debug|Win32
		{EA3CF742-F9B6-4CC6-810A-B3D06A627E6C}.Release|Win32.ActiveCfg = Release|Win32
		{EA3CF742-F9B6-4CC6-810A-B3D06A627E6C}.Release|Win32.Build.0 = Release|Win32
	EndGlobalSection
	GlobalSection(SolutionProperties) = preSolution
		HideSolutionNode = FALSE
	EndGlobalSection
EndGlobal
